Microsoft Visual Studio Solution File, Format Version 12.00
# Visual Studio Version 17
VisualStudioVersion = 17.5.2.0
MinimumVisualStudioVersion = 10.0.40219.1
Project("{FAE04EC0-301F-11D3-BF4B-00C04F79EFBC}") = "CAPGEMINI-CROPDEAL", "CAPGEMINI-CROPDEAL.csproj", "{66B5BA61-6D5D-E843-BF41-9EF77947851C}"
EndProject
Global
	GlobalSection(SolutionConfigurationPlatforms) = preSolution
		Debug|Any CPU = Debug|Any CPU
		Release|Any CPU = Release|Any CPU
	EndGlobalSection
	GlobalSection(ProjectConfigurationPlatforms) = postSolution
		{66B5BA61-6D5D-E843-BF41-9EF77947851C}.Debug|Any CPU.ActiveCfg = Debug|Any CPU
		{66B5BA61-6D5D-E843-BF41-9EF77947851C}.Debug|Any CPU.Build.0 = Debug|Any CPU
		{66B5BA61-6D5D-E843-BF41-9EF77947851C}.Release|Any CPU.ActiveCfg = Release|Any CPU
		{66B5BA61-6D5D-E843-BF41-9EF77947851C}.Release|Any CPU.Build.0 = Release|Any CPU
	EndGlobalSection
	GlobalSection(SolutionProperties) = preSolution
		HideSolutionNode = FALSE
	EndGlobalSection
	GlobalSection(ExtensibilityGlobals) = postSolution
		SolutionGuid = {C8C78A64-9466-4CB4-9C21-94E9499F62E2}
	EndGlobalSection
EndGlobal
